{
  "name": "GrapesJS",
  "lockfileVersion": 3,
  "requires": true,
  "packages": {
    "": {
      "dependencies": {
        "prosemirror-commands": "^1.7.1",
        "prosemirror-keymap": "^1.2.3",
        "prosemirror-model": "^1.25.1",
        "prosemirror-schema-basic": "^1.2.4",
        "prosemirror-state": "^1.4.3",
        "prosemirror-view": "^1.39.3"
      }
    },
    "node_modules/orderedmap": {
      "version": "2.1.1",
      "resolved": "https://registry.npmjs.org/orderedmap/-/orderedmap-2.1.1.tgz",
      "integrity": "sha512-TvAWxi0nDe1j/rtMcWcIj94+Ffe6n7zhow33h40SKxmsmozs6dz/e+EajymfoFcHd7sxNn8yHM8839uixMOV6g==",
      "license": "MIT"
    },
    "node_modules/prosemirror-commands": {
      "version": "1.7.1",
      "resolved": "https://registry.npmjs.org/prosemirror-commands/-/prosemirror-commands-1.7.1.tgz",
      "integrity": "sha512-rT7qZnQtx5c0/y/KlYaGvtG411S97UaL6gdp6RIZ23DLHanMYLyfGBV5DtSnZdthQql7W+lEVbpSfwtO8T+L2w==",
      "license": "MIT",
      "dependencies": {
        "prosemirror-model": "^1.0.0",
        "prosemirror-state": "^1.0.0",
        "prosemirror-transform": "^1.10.2"
      }
    },
    "node_modules/prosemirror-keymap": {
      "version": "1.2.3",
      "resolved": "https://registry.npmjs.org/prosemirror-keymap/-/prosemirror-keymap-1.2.3.tgz",
      "integrity": "sha512-4HucRlpiLd1IPQQXNqeo81BGtkY8Ai5smHhKW9jjPKRc2wQIxksg7Hl1tTI2IfT2B/LgX6bfYvXxEpJl7aKYKw==",
      "license": "MIT",
      "dependencies": {
        "prosemirror-state": "^1.0.0",
        "w3c-keyname": "^2.2.0"
      }
    },
    "node_modules/prosemirror-model": {
      "version": "1.25.1",
      "resolved": "https://registry.npmjs.org/prosemirror-model/-/prosemirror-model-1.25.1.tgz",
      "integrity": "sha512-AUvbm7qqmpZa5d9fPKMvH1Q5bqYQvAZWOGRvxsB6iFLyycvC9MwNemNVjHVrWgjaoxAfY8XVg7DbvQ/qxvI9Eg==",
      "license": "MIT",
      "dependencies": {
        "orderedmap": "^2.0.0"
      }
    },
    "node_modules/prosemirror-schema-basic": {
      "version": "1.2.4",
      "resolved": "https://registry.npmjs.org/prosemirror-schema-basic/-/prosemirror-schema-basic-1.2.4.tgz",
      "integrity": "sha512-ELxP4TlX3yr2v5rM7Sb70SqStq5NvI15c0j9j/gjsrO5vaw+fnnpovCLEGIcpeGfifkuqJwl4fon6b+KdrODYQ==",
      "license": "MIT",
      "dependencies": {
        "prosemirror-model": "^1.25.0"
      }
    },
    "node_modules/prosemirror-state": {
      "version": "1.4.3",
      "resolved": "https://registry.npmjs.org/prosemirror-state/-/prosemirror-state-1.4.3.tgz",
      "integrity": "sha512-goFKORVbvPuAQaXhpbemJFRKJ2aixr+AZMGiquiqKxaucC6hlpHNZHWgz5R7dS4roHiwq9vDctE//CZ++o0W1Q==",
      "license": "MIT",
      "dependencies": {
        "prosemirror-model": "^1.0.0",
        "prosemirror-transform": "^1.0.0",
        "prosemirror-view": "^1.27.0"
      }
    },
    "node_modules/prosemirror-transform": {
      "version": "1.10.4",
      "resolved": "https://registry.npmjs.org/prosemirror-transform/-/prosemirror-transform-1.10.4.tgz",
      "integrity": "sha512-pwDy22nAnGqNR1feOQKHxoFkkUtepoFAd3r2hbEDsnf4wp57kKA36hXsB3njA9FtONBEwSDnDeCiJe+ItD+ykw==",
      "license": "MIT",
      "dependencies": {
        "prosemirror-model": "^1.21.0"
      }
    },
    "node_modules/prosemirror-view": {
      "version": "1.39.3",
      "resolved": "https://registry.npmjs.org/prosemirror-view/-/prosemirror-view-1.39.3.tgz",
      "integrity": "sha512-bY/7kg0LzRE7ytR0zRdSMWX3sknEjw68l836ffLPMh0OG3OYnNuBDUSF3v0vjvnzgYjgY9ZH/RypbARURlcMFA==",
      "license": "MIT",
      "dependencies": {
        "prosemirror-model": "^1.20.0",
        "prosemirror-state": "^1.0.0",
        "prosemirror-transform": "^1.1.0"
      }
    },
    "node_modules/w3c-keyname": {
      "version": "2.2.8",
      "license": "MIT"
    }
  }
}
